
Microsoft Visual Studio Solution File, Format Version 12.00
# Visual Studio Version 17
VisualStudioVersion = 17.6.33815.320
MinimumVisualStudioVersion = 10.0.40219.1
Project("{FAE04EC0-301F-11D3-BF4B-00C04F79EFBC}") = "Course", "Course\Course.csproj", "{B8397A0E-02F5-46E5-9B01-CBFBCA8634AF}"
EndProject
Global
	GlobalSection(SolutionConfigurationPlatforms) = preSolution
		Debug|Any CPU = Debug|Any CPU
		Release|Any CPU = Release|Any CPU
	EndGlobalSection
	GlobalSection(ProjectConfigurationPlatforms) = postSolution
		{B8397A0E-02F5-46E5-9B01-CBFBCA8634AF}.Debug|Any CPU.ActiveCfg = Debug|Any CPU
		{B8397A0E-02F5-46E5-9B01-CBFBCA8634AF}.Debug|Any CPU.Build.0 = Debug|Any CPU
		{B8397A0E-02F5-46E5-9B01-CBFBCA8634AF}.Release|Any CPU.ActiveCfg = Release|Any CPU
		{B8397A0E-02F5-46E5-9B01-CBFBCA8634AF}.Release|Any CPU.Build.0 = Release|Any CPU
	EndGlobalSection
	GlobalSection(SolutionProperties) = preSolution
		HideSolutionNode = FALSE
	EndGlobalSection
	GlobalSection(ExtensibilityGlobals) = postSolution
		SolutionGuid = {C180BAD9-64E7-4C20-9961-6E20E02CAABE}
	EndGlobalSection
EndGlobal
